{
  "name": "avantage-cms",
  "version": "0.1.0",
  "lockfileVersion": 1,
  "requires": true,
  "dependencies": {
    "lodash": {
      "version": "4.17.21",
      "resolved": "https://registry.npmjs.org/lodash/-/lodash-4.17.21.tgz",
      "integrity": "sha512-v2kDEe57lecTulaDIuNTPy3Ry4gLGJ6Z1O3vE1krgXZNrsQ+LFTGHVxVjcXPs17LhbZVGedAJv8XZ1tvj5FvSg=="
    },
    "nodemailer": {
      "version": "6.6.1",
      "resolved": "https://registry.npmjs.org/nodemailer/-/nodemailer-6.6.1.tgz",
      "integrity": "sha512-1xzFN3gqv+/qJ6YRyxBxfTYstLNt0FCtZaFRvf4Sg9wxNGWbwFmGXVpfSi6ThGK6aRxAo+KjHtYSW8NvCsNSAg=="
    },
    "strapi-provider-email-nodemailer": {
      "version": "3.6.8",
      "resolved": "https://registry.npmjs.org/strapi-provider-email-nodemailer/-/strapi-provider-email-nodemailer-3.6.8.tgz",
      "integrity": "sha512-yvACKxB1F6Lyk5JvLsTquXgJVwYG0vTZEN4YiTPX3I1L5Df1Izzkjzm9pjZwu24ucGCmq9nNyLh688lG/6L1ow==",
      "requires": {
        "lodash": "4.17.21",
        "nodemailer": "6.6.1"
      }
    }
  }
}
